
Microsoft Visual Studio Solution File, Format Version 12.00
# Visual Studio 15
VisualStudioVersion = 15.0.26430.16
MinimumVisualStudioVersion = 10.0.40219.1
Project("{FAE04EC0-301F-11D3-BF4B-00C04F79EFBC}") = "FST.Android", "FST\FST.Android\FST.Android.csproj", "{8FA9DD56-5E5D-4B85-846B-97B245E3DBB7}"
EndProject
Project("{FAE04EC0-301F-11D3-BF4B-00C04F79EFBC}") = "FST", "FST\FST\FST.csproj", "{36A75836-834E-4C32-B603-CB9785FEB81B}"
EndProject
Project("{FAE04EC0-301F-11D3-BF4B-00C04F79EFBC}") = "FST.iOS", "FST\FST.iOS\FST.iOS.csproj", "{F89FC1BC-56E0-4841-B852-633ADC4CA4BD}"
EndProject
Global
	GlobalSection(SolutionConfigurationPlatforms) = preSolution
		Ad-Hoc|Any CPU = Ad-Hoc|Any CPU
		Ad-Hoc|iPhone = Ad-Hoc|iPhone
		Ad-Hoc|iPhoneSimulator = Ad-Hoc|iPhoneSimulator
		AppStore|Any CPU = AppStore|Any CPU
		AppStore|iPhone = AppStore|iPhone
		AppStore|iPhoneSimulator = AppStore|iPhoneSimulator
		Debug|Any CPU = Debug|Any CPU
		Debug|iPhone = Debug|iPhone
		Debug|iPhoneSimulator = Debug|iPhoneSimulator
		Release|Any CPU = Release|Any CPU
		Release|iPhone = Release|iPhone
		Release|iPhoneSimulator = Release|iPhoneSimulator
	EndGlobalSection
	GlobalSection(ProjectConfigurationPlatforms) = postSolution
		{8FA9DD56-5E5D-4B85-846B-97B245E3DBB7}.Ad-Hoc|Any CPU.ActiveCfg = Release|Any CPU
		{8FA9DD56-5E5D-4B85-846B-97B245E3DBB7}.Ad-Hoc|Any CPU.Build.0 = Release|Any CPU
		{8FA9DD56-5E5D-4B85-846B-97B245E3DBB7}.Ad-Hoc|Any CPU.Deploy.0 = Release|Any CPU
		{8FA9DD56-5E5D-4B85-846B-97B245E3DBB7}.Ad-Hoc|iPhone.ActiveCfg = Release|Any CPU
		{8FA9DD56-5E5D-4B85-846B-97B245E3DBB7}.Ad-Hoc|iPhone.Build.0 = Release|Any CPU
		{8FA9DD56-5E5D-4B85-846B-97B245E3DBB7}.Ad-Hoc|iPhone.Deploy.0 = Release|Any CPU
		{8FA9DD56-5E5D-4B85-846B-97B245E3DBB7}.Ad-Hoc|iPhoneSimulator.ActiveCfg = Release|Any CPU
		{8FA9DD56-5E5D-4B85-846B-97B245E3DBB7}.Ad-Hoc|iPhoneSimulator.Build.0 = Release|Any CPU
		{8FA9DD56-5E5D-4B85-846B-97B245E3DBB7}.Ad-Hoc|iPhoneSimulator.Deploy.0 = Release|Any CPU
		{8FA9DD56-5E5D-4B85-846B-97B245E3DBB7}.AppStore|Any CPU.ActiveCfg = Release|Any CPU
		{8FA9DD56-5E5D-4B85-846B-97B245E3DBB7}.AppStore|Any CPU.Build.0 = Release|Any CPU
		{8FA9DD56-5E5D-4B85-846B-97B245E3DBB7}.AppStore|Any CPU.Deploy.0 = Release|Any CPU
		{8FA9DD56-5E5D-4B85-846B-97B245E3DBB7}.AppStore|iPhone.ActiveCfg = Release|Any CPU
		{8FA9DD56-5E5D-4B85-846B-97B245E3DBB7}.AppStore|iPhone.Build.0 = Release|Any CPU
		{8FA9DD56-5E5D-4B85-846B-97B245E3DBB7}.AppStore|iPhone.Deploy.0 = Release|Any CPU
		{8FA9DD56-5E5D-4B85-846B-97B245E3DBB7}.AppStore|iPhoneSimulator.ActiveCfg = Release|Any CPU
		{8FA9DD56-5E5D-4B85-846B-97B245E3DBB7}.AppStore|iPhoneSimulator.Build.0 = Release|Any CPU
		{8FA9DD56-5E5D-4B85-846B-97B245E3DBB7}.AppStore|iPhoneSimulator.Deploy.0 = Release|Any CPU
		{8FA9DD56-5E5D-4B85-846B-97B245E3DBB7}.Debug|Any CPU.ActiveCfg = Debug|Any CPU
		{8FA9DD56-5E5D-4B85-846B-97B245E3DBB7}.Debug|Any CPU.Build.0 = Debug|Any CPU
		{8FA9DD56-5E5D-4B85-846B-97B245E3DBB7}.Debug|Any CPU.Deploy.0 = Debug|Any CPU
		{8FA9DD56-5E5D-4B85-846B-97B245E3DBB7}.Debug|iPhone.ActiveCfg = Debug|Any CPU
		{8FA9DD56-5E5D-4B85-846B-97B245E3DBB7}.Debug|iPhone.Build.0 = Debug|Any CPU
		{8FA9DD56-5E5D-4B85-846B-97B245E3DBB7}.Debug|iPhone.Deploy.0 = Debug|Any CPU
		{8FA9DD56-5E5D-4B85-846B-97B245E3DBB7}.Debug|iPhoneSimulator.ActiveCfg = Debug|Any CPU
		{8FA9DD56-5E5D-4B85-846B-97B245E3DBB7}.Debug|iPhoneSimulator.Build.0 = Debug|Any CPU
		{8FA9DD56-5E5D-4B85-846B-97B245E3DBB7}.Debug|iPhoneSimulator.Deploy.0 = Debug|Any CPU
		{8FA9DD56-5E5D-4B85-846B-97B245E3DBB7}.Release|Any CPU.ActiveCfg = Release|Any CPU
		{8FA9DD56-5E5D-4B85-846B-97B245E3DBB7}.Release|Any CPU.Build.0 = Release|Any CPU
		{8FA9DD56-5E5D-4B85-846B-97B245E3DBB7}.Release|Any CPU.Deploy.0 = Release|Any CPU
		{8FA9DD56-5E5D-4B85-846B-97B245E3DBB7}.Release|iPhone.ActiveCfg = Release|Any CPU
		{8FA9DD56-5E5D-4B85-846B-97B245E3DBB7}.Release|iPhone.Build.0 = Release|Any CPU
		{8FA9DD56-5E5D-4B85-846B-97B245E3DBB7}.Release|iPhone.Deploy.0 = Release|Any CPU
		{8FA9DD56-5E5D-4B85-846B-97B245E3DBB7}.Release|iPhoneSimulator.ActiveCfg = Release|Any CPU
		{8FA9DD56-5E5D-4B85-846B-97B245E3DBB7}.Release|iPhoneSimulator.Build.0 = Release|Any CPU
		{8FA9DD56-5E5D-4B85-846B-97B245E3DBB7}.Release|iPhoneSimulator.Deploy.0 = Release|Any CPU
		{36A75836-834E-4C32-B603-CB9785FEB81B}.Ad-Hoc|Any CPU.ActiveCfg = Release|Any CPU
		{36A75836-834E-4C32-B603-CB9785FEB81B}.Ad-Hoc|Any CPU.Build.0 = Release|Any CPU
		{36A75836-834E-4C32-B603-CB9785FEB81B}.Ad-Hoc|iPhone.ActiveCfg = Release|Any CPU
		{36A75836-834E-4C32-B603-CB9785FEB81B}.Ad-Hoc|iPhone.Build.0 = Release|Any CPU
		{36A75836-834E-4C32-B603-CB9785FEB81B}.Ad-Hoc|iPhoneSimulator.ActiveCfg = Release|Any CPU
		{36A75836-834E-4C32-B603-CB9785FEB81B}.Ad-Hoc|iPhoneSimulator.Build.0 = Release|Any CPU
		{36A75836-834E-4C32-B603-CB9785FEB81B}.AppStore|Any CPU.ActiveCfg = Release|Any CPU
		{36A75836-834E-4C32-B603-CB9785FEB81B}.AppStore|Any CPU.Build.0 = Release|Any CPU
		{36A75836-834E-4C32-B603-CB9785FEB81B}.AppStore|iPhone.ActiveCfg = Release|Any CPU
		{36A75836-834E-4C32-B603-CB9785FEB81B}.AppStore|iPhone.Build.0 = Release|Any CPU
		{36A75836-834E-4C32-B603-CB9785FEB81B}.AppStore|iPhoneSimulator.ActiveCfg = Release|Any CPU
		{36A75836-834E-4C32-B603-CB9785FEB81B}.AppStore|iPhoneSimulator.Build.0 = Release|Any CPU
		{36A75836-834E-4C32-B603-CB9785FEB81B}.Debug|Any CPU.ActiveCfg = Debug|Any CPU
		{36A75836-834E-4C32-B603-CB9785FEB81B}.Debug|Any CPU.Build.0 = Debug|Any CPU
		{36A75836-834E-4C32-B603-CB9785FEB81B}.Debug|iPhone.ActiveCfg = Debug|Any CPU
		{36A75836-834E-4C32-B603-CB9785FEB81B}.Debug|iPhone.Build.0 = Debug|Any CPU
		{36A75836-834E-4C32-B603-CB9785FEB81B}.Debug|iPhoneSimulator.ActiveCfg = Debug|Any CPU
		{36A75836-834E-4C32-B603-CB9785FEB81B}.Debug|iPhoneSimulator.Build.0 = Debug|Any CPU
		{36A75836-834E-4C32-B603-CB9785FEB81B}.Release|Any CPU.ActiveCfg = Release|Any CPU
		{36A75836-834E-4C32-B603-CB9785FEB81B}.Release|Any CPU.Build.0 = Release|Any CPU
		{36A75836-834E-4C32-B603-CB9785FEB81B}.Release|iPhone.ActiveCfg = Release|Any CPU
		{36A75836-834E-4C32-B603-CB9785FEB81B}.Release|iPhone.Build.0 = Release|Any CPU
		{36A75836-834E-4C32-B603-CB9785FEB81B}.Release|iPhoneSimulator.ActiveCfg = Release|Any CPU
		{36A75836-834E-4C32-B603-CB9785FEB81B}.Release|iPhoneSimulator.Build.0 = Release|Any CPU
		{F89FC1BC-56E0-4841-B852-633ADC4CA4BD}.Ad-Hoc|Any CPU.ActiveCfg = Ad-Hoc|iPhone
		{F89FC1BC-56E0-4841-B852-633ADC4CA4BD}.Ad-Hoc|iPhone.ActiveCfg = Ad-Hoc|iPhone
		{F89FC1BC-56E0-4841-B852-633ADC4CA4BD}.Ad-Hoc|iPhone.Build.0 = Ad-Hoc|iPhone
		{F89FC1BC-56E0-4841-B852-633ADC4CA4BD}.Ad-Hoc|iPhoneSimulator.ActiveCfg = Ad-Hoc|iPhoneSimulator
		{F89FC1BC-56E0-4841-B852-633ADC4CA4BD}.Ad-Hoc|iPhoneSimulator.Build.0 = Ad-Hoc|iPhoneSimulator
		{F89FC1BC-56E0-4841-B852-633ADC4CA4BD}.AppStore|Any CPU.ActiveCfg = AppStore|iPhone
		{F89FC1BC-56E0-4841-B852-633ADC4CA4BD}.AppStore|iPhone.ActiveCfg = AppStore|iPhone
		{F89FC1BC-56E0-4841-B852-633ADC4CA4BD}.AppStore|iPhone.Build.0 = AppStore|iPhone
		{F89FC1BC-56E0-4841-B852-633ADC4CA4BD}.AppStore|iPhoneSimulator.ActiveCfg = AppStore|iPhoneSimulator
		{F89FC1BC-56E0-4841-B852-633ADC4CA4BD}.AppStore|iPhoneSimulator.Build.0 = AppStore|iPhoneSimulator
		{F89FC1BC-56E0-4841-B852-633ADC4CA4BD}.Debug|Any CPU.ActiveCfg = Debug|iPhone
		{F89FC1BC-56E0-4841-B852-633ADC4CA4BD}.Debug|iPhone.ActiveCfg = Debug|iPhone
		{F89FC1BC-56E0-4841-B852-633ADC4CA4BD}.Debug|iPhone.Build.0 = Debug|iPhone
		{F89FC1BC-56E0-4841-B852-633ADC4CA4BD}.Debug|iPhoneSimulator.ActiveCfg = Debug|iPhoneSimulator
		{F89FC1BC-56E0-4841-B852-633ADC4CA4BD}.Debug|iPhoneSimulator.Build.0 = Debug|iPhoneSimulator
		{F89FC1BC-56E0-4841-B852-633ADC4CA4BD}.Release|Any CPU.ActiveCfg = Release|iPhone
		{F89FC1BC-56E0-4841-B852-633ADC4CA4BD}.Release|iPhone.ActiveCfg = Release|iPhone
		{F89FC1BC-56E0-4841-B852-633ADC4CA4BD}.Release|iPhone.Build.0 = Release|iPhone
		{F89FC1BC-56E0-4841-B852-633ADC4CA4BD}.Release|iPhoneSimulator.ActiveCfg = Release|iPhoneSimulator
		{F89FC1BC-56E0-4841-B852-633ADC4CA4BD}.Release|iPhoneSimulator.Build.0 = Release|iPhoneSimulator
	EndGlobalSection
	GlobalSection(SolutionProperties) = preSolution
		HideSolutionNode = FALSE
	EndGlobalSection
EndGlobal
