
Microsoft Visual Studio Solution File, Format Version 12.00
# Visual Studio 15
VisualStudioVersion = 15.0.26430.16
MinimumVisualStudioVersion = 10.0.40219.1
Project("{FAE04EC0-301F-11D3-BF4B-00C04F79EFBC}") = "Xamarin.Android", "Xamarin\Xamarin.Android\Xamarin.Android.csproj", "{CE29C348-6D0A-49B9-8E91-F744BAD4E4DD}"
EndProject
Project("{FAE04EC0-301F-11D3-BF4B-00C04F79EFBC}") = "Xamarin", "Xamarin\Xamarin\Xamarin.csproj", "{F4A63746-00F3-4249-92E4-9A3F85504DB0}"
EndProject
Project("{FAE04EC0-301F-11D3-BF4B-00C04F79EFBC}") = "Xamarin.iOS", "Xamarin\Xamarin.iOS\Xamarin.iOS.csproj", "{8BD22376-2219-4D27-A5D8-C17D1702334C}"
EndProject
Global
	GlobalSection(SolutionConfigurationPlatforms) = preSolution
		Ad-Hoc|Any CPU = Ad-Hoc|Any CPU
		Ad-Hoc|iPhone = Ad-Hoc|iPhone
		Ad-Hoc|iPhoneSimulator = Ad-Hoc|iPhoneSimulator
		AppStore|Any CPU = AppStore|Any CPU
		AppStore|iPhone = AppStore|iPhone
		AppStore|iPhoneSimulator = AppStore|iPhoneSimulator
		Debug|Any CPU = Debug|Any CPU
		Debug|iPhone = Debug|iPhone
		Debug|iPhoneSimulator = Debug|iPhoneSimulator
		Release|Any CPU = Release|Any CPU
		Release|iPhone = Release|iPhone
		Release|iPhoneSimulator = Release|iPhoneSimulator
	EndGlobalSection
	GlobalSection(ProjectConfigurationPlatforms) = postSolution
		{CE29C348-6D0A-49B9-8E91-F744BAD4E4DD}.Ad-Hoc|Any CPU.ActiveCfg = Release|Any CPU
		{CE29C348-6D0A-49B9-8E91-F744BAD4E4DD}.Ad-Hoc|Any CPU.Build.0 = Release|Any CPU
		{CE29C348-6D0A-49B9-8E91-F744BAD4E4DD}.Ad-Hoc|Any CPU.Deploy.0 = Release|Any CPU
		{CE29C348-6D0A-49B9-8E91-F744BAD4E4DD}.Ad-Hoc|iPhone.ActiveCfg = Release|Any CPU
		{CE29C348-6D0A-49B9-8E91-F744BAD4E4DD}.Ad-Hoc|iPhone.Build.0 = Release|Any CPU
		{CE29C348-6D0A-49B9-8E91-F744BAD4E4DD}.Ad-Hoc|iPhone.Deploy.0 = Release|Any CPU
		{CE29C348-6D0A-49B9-8E91-F744BAD4E4DD}.Ad-Hoc|iPhoneSimulator.ActiveCfg = Release|Any CPU
		{CE29C348-6D0A-49B9-8E91-F744BAD4E4DD}.Ad-Hoc|iPhoneSimulator.Build.0 = Release|Any CPU
		{CE29C348-6D0A-49B9-8E91-F744BAD4E4DD}.Ad-Hoc|iPhoneSimulator.Deploy.0 = Release|Any CPU
		{CE29C348-6D0A-49B9-8E91-F744BAD4E4DD}.AppStore|Any CPU.ActiveCfg = Release|Any CPU
		{CE29C348-6D0A-49B9-8E91-F744BAD4E4DD}.AppStore|Any CPU.Build.0 = Release|Any CPU
		{CE29C348-6D0A-49B9-8E91-F744BAD4E4DD}.AppStore|Any CPU.Deploy.0 = Release|Any CPU
		{CE29C348-6D0A-49B9-8E91-F744BAD4E4DD}.AppStore|iPhone.ActiveCfg = Release|Any CPU
		{CE29C348-6D0A-49B9-8E91-F744BAD4E4DD}.AppStore|iPhone.Build.0 = Release|Any CPU
		{CE29C348-6D0A-49B9-8E91-F744BAD4E4DD}.AppStore|iPhone.Deploy.0 = Release|Any CPU
		{CE29C348-6D0A-49B9-8E91-F744BAD4E4DD}.AppStore|iPhoneSimulator.ActiveCfg = Release|Any CPU
		{CE29C348-6D0A-49B9-8E91-F744BAD4E4DD}.AppStore|iPhoneSimulator.Build.0 = Release|Any CPU
		{CE29C348-6D0A-49B9-8E91-F744BAD4E4DD}.AppStore|iPhoneSimulator.Deploy.0 = Release|Any CPU
		{CE29C348-6D0A-49B9-8E91-F744BAD4E4DD}.Debug|Any CPU.ActiveCfg = Debug|Any CPU
		{CE29C348-6D0A-49B9-8E91-F744BAD4E4DD}.Debug|Any CPU.Build.0 = Debug|Any CPU
		{CE29C348-6D0A-49B9-8E91-F744BAD4E4DD}.Debug|Any CPU.Deploy.0 = Debug|Any CPU
		{CE29C348-6D0A-49B9-8E91-F744BAD4E4DD}.Debug|iPhone.ActiveCfg = Debug|Any CPU
		{CE29C348-6D0A-49B9-8E91-F744BAD4E4DD}.Debug|iPhone.Build.0 = Debug|Any CPU
		{CE29C348-6D0A-49B9-8E91-F744BAD4E4DD}.Debug|iPhone.Deploy.0 = Debug|Any CPU
		{CE29C348-6D0A-49B9-8E91-F744BAD4E4DD}.Debug|iPhoneSimulator.ActiveCfg = Debug|Any CPU
		{CE29C348-6D0A-49B9-8E91-F744BAD4E4DD}.Debug|iPhoneSimulator.Build.0 = Debug|Any CPU
		{CE29C348-6D0A-49B9-8E91-F744BAD4E4DD}.Debug|iPhoneSimulator.Deploy.0 = Debug|Any CPU
		{CE29C348-6D0A-49B9-8E91-F744BAD4E4DD}.Release|Any CPU.ActiveCfg = Release|Any CPU
		{CE29C348-6D0A-49B9-8E91-F744BAD4E4DD}.Release|Any CPU.Build.0 = Release|Any CPU
		{CE29C348-6D0A-49B9-8E91-F744BAD4E4DD}.Release|Any CPU.Deploy.0 = Release|Any CPU
		{CE29C348-6D0A-49B9-8E91-F744BAD4E4DD}.Release|iPhone.ActiveCfg = Release|Any CPU
		{CE29C348-6D0A-49B9-8E91-F744BAD4E4DD}.Release|iPhone.Build.0 = Release|Any CPU
		{CE29C348-6D0A-49B9-8E91-F744BAD4E4DD}.Release|iPhone.Deploy.0 = Release|Any CPU
		{CE29C348-6D0A-49B9-8E91-F744BAD4E4DD}.Release|iPhoneSimulator.ActiveCfg = Release|Any CPU
		{CE29C348-6D0A-49B9-8E91-F744BAD4E4DD}.Release|iPhoneSimulator.Build.0 = Release|Any CPU
		{CE29C348-6D0A-49B9-8E91-F744BAD4E4DD}.Release|iPhoneSimulator.Deploy.0 = Release|Any CPU
		{F4A63746-00F3-4249-92E4-9A3F85504DB0}.Ad-Hoc|Any CPU.ActiveCfg = Release|Any CPU
		{F4A63746-00F3-4249-92E4-9A3F85504DB0}.Ad-Hoc|Any CPU.Build.0 = Release|Any CPU
		{F4A63746-00F3-4249-92E4-9A3F85504DB0}.Ad-Hoc|iPhone.ActiveCfg = Release|Any CPU
		{F4A63746-00F3-4249-92E4-9A3F85504DB0}.Ad-Hoc|iPhone.Build.0 = Release|Any CPU
		{F4A63746-00F3-4249-92E4-9A3F85504DB0}.Ad-Hoc|iPhoneSimulator.ActiveCfg = Release|Any CPU
		{F4A63746-00F3-4249-92E4-9A3F85504DB0}.Ad-Hoc|iPhoneSimulator.Build.0 = Release|Any CPU
		{F4A63746-00F3-4249-92E4-9A3F85504DB0}.AppStore|Any CPU.ActiveCfg = Release|Any CPU
		{F4A63746-00F3-4249-92E4-9A3F85504DB0}.AppStore|Any CPU.Build.0 = Release|Any CPU
		{F4A63746-00F3-4249-92E4-9A3F85504DB0}.AppStore|iPhone.ActiveCfg = Release|Any CPU
		{F4A63746-00F3-4249-92E4-9A3F85504DB0}.AppStore|iPhone.Build.0 = Release|Any CPU
		{F4A63746-00F3-4249-92E4-9A3F85504DB0}.AppStore|iPhoneSimulator.ActiveCfg = Release|Any CPU
		{F4A63746-00F3-4249-92E4-9A3F85504DB0}.AppStore|iPhoneSimulator.Build.0 = Release|Any CPU
		{F4A63746-00F3-4249-92E4-9A3F85504DB0}.Debug|Any CPU.ActiveCfg = Debug|Any CPU
		{F4A63746-00F3-4249-92E4-9A3F85504DB0}.Debug|Any CPU.Build.0 = Debug|Any CPU
		{F4A63746-00F3-4249-92E4-9A3F85504DB0}.Debug|iPhone.ActiveCfg = Debug|Any CPU
		{F4A63746-00F3-4249-92E4-9A3F85504DB0}.Debug|iPhone.Build.0 = Debug|Any CPU
		{F4A63746-00F3-4249-92E4-9A3F85504DB0}.Debug|iPhoneSimulator.ActiveCfg = Debug|Any CPU
		{F4A63746-00F3-4249-92E4-9A3F85504DB0}.Debug|iPhoneSimulator.Build.0 = Debug|Any CPU
		{F4A63746-00F3-4249-92E4-9A3F85504DB0}.Release|Any CPU.ActiveCfg = Release|Any CPU
		{F4A63746-00F3-4249-92E4-9A3F85504DB0}.Release|Any CPU.Build.0 = Release|Any CPU
		{F4A63746-00F3-4249-92E4-9A3F85504DB0}.Release|iPhone.ActiveCfg = Release|Any CPU
		{F4A63746-00F3-4249-92E4-9A3F85504DB0}.Release|iPhone.Build.0 = Release|Any CPU
		{F4A63746-00F3-4249-92E4-9A3F85504DB0}.Release|iPhoneSimulator.ActiveCfg = Release|Any CPU
		{F4A63746-00F3-4249-92E4-9A3F85504DB0}.Release|iPhoneSimulator.Build.0 = Release|Any CPU
		{8BD22376-2219-4D27-A5D8-C17D1702334C}.Ad-Hoc|Any CPU.ActiveCfg = Ad-Hoc|iPhone
		{8BD22376-2219-4D27-A5D8-C17D1702334C}.Ad-Hoc|iPhone.ActiveCfg = Ad-Hoc|iPhone
		{8BD22376-2219-4D27-A5D8-C17D1702334C}.Ad-Hoc|iPhone.Build.0 = Ad-Hoc|iPhone
		{8BD22376-2219-4D27-A5D8-C17D1702334C}.Ad-Hoc|iPhoneSimulator.ActiveCfg = Ad-Hoc|iPhoneSimulator
		{8BD22376-2219-4D27-A5D8-C17D1702334C}.Ad-Hoc|iPhoneSimulator.Build.0 = Ad-Hoc|iPhoneSimulator
		{8BD22376-2219-4D27-A5D8-C17D1702334C}.AppStore|Any CPU.ActiveCfg = AppStore|iPhone
		{8BD22376-2219-4D27-A5D8-C17D1702334C}.AppStore|iPhone.ActiveCfg = AppStore|iPhone
		{8BD22376-2219-4D27-A5D8-C17D1702334C}.AppStore|iPhone.Build.0 = AppStore|iPhone
		{8BD22376-2219-4D27-A5D8-C17D1702334C}.AppStore|iPhoneSimulator.ActiveCfg = AppStore|iPhoneSimulator
		{8BD22376-2219-4D27-A5D8-C17D1702334C}.AppStore|iPhoneSimulator.Build.0 = AppStore|iPhoneSimulator
		{8BD22376-2219-4D27-A5D8-C17D1702334C}.Debug|Any CPU.ActiveCfg = Debug|iPhone
		{8BD22376-2219-4D27-A5D8-C17D1702334C}.Debug|iPhone.ActiveCfg = Debug|iPhone
		{8BD22376-2219-4D27-A5D8-C17D1702334C}.Debug|iPhone.Build.0 = Debug|iPhone
		{8BD22376-2219-4D27-A5D8-C17D1702334C}.Debug|iPhoneSimulator.ActiveCfg = Debug|iPhoneSimulator
		{8BD22376-2219-4D27-A5D8-C17D1702334C}.Debug|iPhoneSimulator.Build.0 = Debug|iPhoneSimulator
		{8BD22376-2219-4D27-A5D8-C17D1702334C}.Release|Any CPU.ActiveCfg = Release|iPhone
		{8BD22376-2219-4D27-A5D8-C17D1702334C}.Release|iPhone.ActiveCfg = Release|iPhone
		{8BD22376-2219-4D27-A5D8-C17D1702334C}.Release|iPhone.Build.0 = Release|iPhone
		{8BD22376-2219-4D27-A5D8-C17D1702334C}.Release|iPhoneSimulator.ActiveCfg = Release|iPhoneSimulator
		{8BD22376-2219-4D27-A5D8-C17D1702334C}.Release|iPhoneSimulator.Build.0 = Release|iPhoneSimulator
	EndGlobalSection
	GlobalSection(SolutionProperties) = preSolution
		HideSolutionNode = FALSE
	EndGlobalSection
EndGlobal
